
Microsoft Visual Studio Solution File, Format Version 12.00
# Visual Studio Version 17
VisualStudioVersion = 17.3.32929.385
MinimumVisualStudioVersion = 10.0.40219.1
Project("{FAE04EC0-301F-11D3-BF4B-00C04F79EFBC}") = "BDDR_DM1", "BDDR_DM1\BDDR_DM1.csproj", "{6136F4A7-5295-46BB-A78A-CEC5D0BAFA39}"
EndProject
Global
	GlobalSection(SolutionConfigurationPlatforms) = preSolution
		Debug|Any CPU = Debug|Any CPU
		Release|Any CPU = Release|Any CPU
	EndGlobalSection
	GlobalSection(ProjectConfigurationPlatforms) = postSolution
		{6136F4A7-5295-46BB-A78A-CEC5D0BAFA39}.Debug|Any CPU.ActiveCfg = Debug|Any CPU
		{6136F4A7-5295-46BB-A78A-CEC5D0BAFA39}.Debug|Any CPU.Build.0 = Debug|Any CPU
		{6136F4A7-5295-46BB-A78A-CEC5D0BAFA39}.Release|Any CPU.ActiveCfg = Release|Any CPU
		{6136F4A7-5295-46BB-A78A-CEC5D0BAFA39}.Release|Any CPU.Build.0 = Release|Any CPU
	EndGlobalSection
	GlobalSection(SolutionProperties) = preSolution
		HideSolutionNode = FALSE
	EndGlobalSection
	GlobalSection(ExtensibilityGlobals) = postSolution
		SolutionGuid = {254F5017-162D-4043-ACCC-E57A926E02D1}
	EndGlobalSection
EndGlobal
